
Microsoft Visual Studio Solution File, Format Version 12.00
# Visual Studio 14
VisualStudioVersion = 14.0.23107.0
MinimumVisualStudioVersion = 10.0.40219.1
Project("{F2A71F9B-5D33-465A-A702-920D77279786}") = "WebToEpub", "WebToEpub\WebToEpub.fsproj", "{2C21E379-1592-4CD3-B68A-FEB835795820}"
EndProject
Project("{F2A71F9B-5D33-465A-A702-920D77279786}") = "WebToEpub.Website", "WebToEpub.Website\WebToEpub.Website.fsproj", "{27AA1710-05A5-40D8-8D0A-73574AA81641}"
EndProject
Global
	GlobalSection(SolutionConfigurationPlatforms) = preSolution
		Debug|Any CPU = Debug|Any CPU
		Release|Any CPU = Release|Any CPU
	EndGlobalSection
	GlobalSection(ProjectConfigurationPlatforms) = postSolution
		{2C21E379-1592-4CD3-B68A-FEB835795820}.Debug|Any CPU.ActiveCfg = Debug|Any CPU
		{2C21E379-1592-4CD3-B68A-FEB835795820}.Debug|Any CPU.Build.0 = Debug|Any CPU
		{2C21E379-1592-4CD3-B68A-FEB835795820}.Release|Any CPU.ActiveCfg = Release|Any CPU
		{2C21E379-1592-4CD3-B68A-FEB835795820}.Release|Any CPU.Build.0 = Release|Any CPU
		{27AA1710-05A5-40D8-8D0A-73574AA81641}.Debug|Any CPU.ActiveCfg = Debug|Any CPU
		{27AA1710-05A5-40D8-8D0A-73574AA81641}.Debug|Any CPU.Build.0 = Debug|Any CPU
		{27AA1710-05A5-40D8-8D0A-73574AA81641}.Release|Any CPU.ActiveCfg = Release|Any CPU
		{27AA1710-05A5-40D8-8D0A-73574AA81641}.Release|Any CPU.Build.0 = Release|Any CPU
	EndGlobalSection
	GlobalSection(SolutionProperties) = preSolution
		HideSolutionNode = FALSE
	EndGlobalSection
EndGlobal
